lockfileVersion: 5.4

specifiers:
  '@types/node': ^18.15.0
  lib0: ^0.2.66
  typescript: ^4.9.5
  y-protocols-mock: github:ObuchiYuki/y-protocols-mock
  yjs: ^13.5.50

dependencies:
  lib0: 0.2.66
  typescript: 4.9.5
  y-protocols-mock: github.com/ObuchiYuki/y-protocols-mock/84fb368354011836b6afb96f8e20855817af10e3
  yjs: 13.5.50

devDependencies:
  '@types/node': 18.15.0

packages:

  /@types/node/18.15.0:
    resolution: {integrity: sha512-z6nr0TTEOBGkzLGmbypWOGnpSpSIBorEhC4L+4HeQ2iezKCi4f77kyslRwvHeNitymGQ+oFyIWGP96l/DPSV9w==}
    dev: true

  /isomorphic.js/0.2.5:
    resolution: {integrity: sha512-PIeMbHqMt4DnUP3MA/Flc0HElYjMXArsw1qwJZcm9sqR8mq3l8NYizFMty0pWwE/tzIGH3EKK5+jes5mAr85yw==}
    dev: false

  /lib0/0.2.66:
    resolution: {integrity: sha512-h63Jt0nmFGmE4aXMPHUuRBpDgkdr1gfeVn+epJJ8m6+gPK0AozP6akJ8rp9IqBP8RC/peLi+pwaOx/qpgAvqgA==}
    engines: {node: '>=14'}
    hasBin: true
    dependencies:
      isomorphic.js: 0.2.5
    dev: false

  /typescript/4.9.5:
    resolution: {integrity: sha512-1FXk9E2Hm+QzZQ7z+McJiHL4NW1F2EzMu9Nq9i3zAaGqibafqYwCVU6WyWAuyQRRzOlxou8xZSyXLEN8oKj24g==}
    engines: {node: '>=4.2.0'}
    hasBin: true
    dev: false

  /yjs/13.5.50:
    resolution: {integrity: sha512-Q2KVNfovwjtJV4Yxz+HaFYT6vTYBaFagOSpTL3jbPc7Sbv/My68fLTfPlYy9FmNO87pV8dMBd5XuVar+9WsAWg==}
    dependencies:
      lib0: 0.2.66
    dev: false

  github.com/ObuchiYuki/y-protocols-mock/84fb368354011836b6afb96f8e20855817af10e3:
    resolution: {tarball: https://codeload.github.com/ObuchiYuki/y-protocols-mock/tar.gz/84fb368354011836b6afb96f8e20855817af10e3}
    name: y-protocols-mock
    version: 1.0.3
    dependencies:
      lib0: 0.2.66
      yjs-typescript: github.com/ObuchiYuki/yjs-typescript/dd4b25aa3008331cc51bd983ebd6502371c4af2e
    dev: false

  github.com/ObuchiYuki/yjs-typescript/dd4b25aa3008331cc51bd983ebd6502371c4af2e:
    resolution: {tarball: https://codeload.github.com/ObuchiYuki/yjs-typescript/tar.gz/dd4b25aa3008331cc51bd983ebd6502371c4af2e}
    name: yjs-typescript
    version: 1.0.0
    dependencies:
      lib0: 0.2.66
      typescript: 4.9.5
      y-protocols-mock: github.com/ObuchiYuki/y-protocols-mock/84fb368354011836b6afb96f8e20855817af10e3
      yjs: 13.5.50
    dev: false
